<?xml version="1.0" encoding="utf-8"?>
<Project ToolsVersion="15.0" xmlns="http://schemas.microsoft.com/developer/msbuild/2003">
  <ItemGroup>
    <Filter Include="Resource Files">
      <UniqueIdentifier>{67DA6AB6-F800-4c08-8B7A-83BB121AAD01}</UniqueIdentifier>
      <Extensions>rc;ico;cur;bmp;dlg;rc2;rct;bin;rgs;gif;jpg;jpeg;jpe;resx;tga;tiff;tif;png;wav;mfcribbon-ms</Extensions>
    </Filter>
    <Filter Include="Sink">
      <UniqueIdentifier>{6bdda595-dbd3-40f2-92f5-561c777edd96}</UniqueIdentifier>
    </Filter>
    <Filter Include="Sink\MediaSink">
      <UniqueIdentifier>{4f847259-7d0c-4508-ab98-5b51a03efc50}</UniqueIdentifier>
    </Filter>
  </ItemGroup>
  <ItemGroup>
    <ClCompile Include="dllmain.cpp" />
    <ClCompile Include="CustomEliSinkDll.cpp" />
    <ClCompile Include="pch.cpp" />
    <ClCompile Include="CustomMediaSink.cpp">
      <Filter>Sink\MediaSink</Filter>
    </ClCompile>
    <ClCompile Include="VideoStreamSink.cpp">
      <Filter>Sink</Filter>
    </ClCompile>
  </ItemGroup>
  <ItemGroup>
    <ClInclude Include="CustomEliSinkDll.h" />
    <ClInclude Include="pch.h" />
    <ClInclude Include="targetver.h" />
    <ClInclude Include="CustomMediaSink.h">
      <Filter>Sink\MediaSink</Filter>
    </ClInclude>
    <ClInclude Include="VideoStreamSink.h">
      <Filter>Sink</Filter>
    </ClInclude>
  </ItemGroup>
</Project>